
Microsoft Visual Studio Solution File, Format Version 12.00
# Visual Studio 2013
VisualStudioVersion = 12.0.21005.1
MinimumVisualStudioVersion = 10.0.40219.1
Project("{FAE04EC0-301F-11D3-BF4B-00C04F79EFBC}") = "DDEX.ERN37.MessagingClassLibrary", "DDEX.ERN37.MessagingClassLibrary\DDEX.ERN37.MessagingClassLibrary.csproj", "{DA0098F8-8D6D-47F9-9ACD-1F74E1F388CB}"
EndProject
Project("{FAE04EC0-301F-11D3-BF4B-00C04F79EFBC}") = "DDEX.ERN37.MessagingClassLibrary.Samples", "DDEX.ERN37.MessagingClassLibrary.Samples\DDEX.ERN37.MessagingClassLibrary.Samples.csproj", "{77092D7B-6F62-469E-A66C-82C0DFE11EAC}"
EndProject
Global
	GlobalSection(SolutionConfigurationPlatforms) = preSolution
		Debug|Any CPU = Debug|Any CPU
		Release|Any CPU = Release|Any CPU
	EndGlobalSection
	GlobalSection(ProjectConfigurationPlatforms) = postSolution
		{DA0098F8-8D6D-47F9-9ACD-1F74E1F388CB}.Debug|Any CPU.ActiveCfg = Debug|Any CPU
		{DA0098F8-8D6D-47F9-9ACD-1F74E1F388CB}.Debug|Any CPU.Build.0 = Debug|Any CPU
		{DA0098F8-8D6D-47F9-9ACD-1F74E1F388CB}.Release|Any CPU.ActiveCfg = Release|Any CPU
		{DA0098F8-8D6D-47F9-9ACD-1F74E1F388CB}.Release|Any CPU.Build.0 = Release|Any CPU
		{77092D7B-6F62-469E-A66C-82C0DFE11EAC}.Debug|Any CPU.ActiveCfg = Debug|Any CPU
		{77092D7B-6F62-469E-A66C-82C0DFE11EAC}.Debug|Any CPU.Build.0 = Debug|Any CPU
		{77092D7B-6F62-469E-A66C-82C0DFE11EAC}.Release|Any CPU.ActiveCfg = Release|Any CPU
		{77092D7B-6F62-469E-A66C-82C0DFE11EAC}.Release|Any CPU.Build.0 = Release|Any CPU
	EndGlobalSection
	GlobalSection(SolutionProperties) = preSolution
		HideSolutionNode = FALSE
	EndGlobalSection
EndGlobal
